{
  "requires": true,
  "lockfileVersion": 1,
  "dependencies": {
    "jsplumb": {
      "version": "2.14.6",
      "resolved": "https://registry.npmjs.org/jsplumb/-/jsplumb-2.14.6.tgz",
      "integrity": "sha512-NZnsM48x9p0tiO1vRhOB7knZDNWXjPsWqfIuKJ4dtkPtxTmM8AqamKGR5ubirqi3C4ssrRvqTtudXl000NYThA=="
    }
  }
}
